
Microsoft Visual Studio Solution File, Format Version 12.00
# Visual Studio Version 17
VisualStudioVersion = 17.9.34723.18
MinimumVisualStudioVersion = 10.0.40219.1
Project("{2150E333-8FDC-42A3-9474-1A3956D46DE8}") = "Task 1", "Task 1", "{C583F470-7603-4D05-A5BF-E6C95D8684F0}"
EndProject
Project("{FAE04EC0-301F-11D3-BF4B-00C04F79EFBC}") = "Task1", "Task1\Task1.csproj", "{6D6A4ADB-9A96-4352-938D-13E10701B4ED}"
EndProject
Project("{2150E333-8FDC-42A3-9474-1A3956D46DE8}") = "Task 2", "Task 2", "{01C466F1-F589-4F18-950D-A3E899D27B3E}"
EndProject
Project("{FAE04EC0-301F-11D3-BF4B-00C04F79EFBC}") = "Task2", "Task2\Task2.csproj", "{CA639821-D6FC-4931-8D81-E80A6D2E615C}"
EndProject
Project("{2150E333-8FDC-42A3-9474-1A3956D46DE8}") = "Task 3", "Task 3", "{6D08E93C-AADF-4604-810E-83E1A791C68C}"
EndProject
Project("{FAE04EC0-301F-11D3-BF4B-00C04F79EFBC}") = "Task3", "Task3\Task3.csproj", "{42088284-4E56-44B8-B25A-4DFACF94D1F6}"
EndProject
Project("{2150E333-8FDC-42A3-9474-1A3956D46DE8}") = "Task 4", "Task 4", "{024F3BA7-C7D2-4A6E-8E78-D8099D13FF15}"
EndProject
Project("{FAE04EC0-301F-11D3-BF4B-00C04F79EFBC}") = "Task4", "Task4\Task4.csproj", "{64E4F771-E7B2-4C8D-8FDD-636B98CA49B8}"
EndProject
Project("{2150E333-8FDC-42A3-9474-1A3956D46DE8}") = "Task 5", "Task 5", "{C0AB24C0-43FB-4702-9B43-AC96AF6923DC}"
EndProject
Project("{FAE04EC0-301F-11D3-BF4B-00C04F79EFBC}") = "Task5", "Task5\Task5.csproj", "{CD15AA4C-16FC-401C-B427-D37AAE149E86}"
EndProject
Project("{2150E333-8FDC-42A3-9474-1A3956D46DE8}") = "Task 6", "Task 6", "{94C03620-AB7D-454B-9226-CFA8937DEF2C}"
EndProject
Project("{FAE04EC0-301F-11D3-BF4B-00C04F79EFBC}") = "Task6", "Task6\Task6.csproj", "{F84B429E-B9A9-4F7D-A53A-BA879B2FE3C7}"
EndProject
Project("{2150E333-8FDC-42A3-9474-1A3956D46DE8}") = "Task 7", "Task 7", "{B2766F8D-5CA4-4217-BB00-D21D601278AB}"
EndProject
Project("{FAE04EC0-301F-11D3-BF4B-00C04F79EFBC}") = "Task 7", "Task 7\Task 7.csproj", "{09D9D0DA-A820-459D-B00D-0733B5C690F1}"
EndProject
Project("{2150E333-8FDC-42A3-9474-1A3956D46DE8}") = "Task 8", "Task 8", "{C66A34D7-0DF8-4E68-8674-C11537F3EA6B}"
EndProject
Project("{FAE04EC0-301F-11D3-BF4B-00C04F79EFBC}") = "Task8", "Task8\Task8.csproj", "{F46E92A3-F26A-4ACA-93AC-BA8FBC0D95F3}"
EndProject
Project("{2150E333-8FDC-42A3-9474-1A3956D46DE8}") = "Task 9", "Task 9", "{4E420B18-1B5F-4529-8BB9-9A470ABAEB22}"
EndProject
Project("{FAE04EC0-301F-11D3-BF4B-00C04F79EFBC}") = "Task9", "Task9\Task9.csproj", "{650BBB64-5E15-40EE-BC84-03F41AB78E05}"
EndProject
Project("{2150E333-8FDC-42A3-9474-1A3956D46DE8}") = "Task10", "Task10", "{DB8F0AED-0354-46CA-8E3D-03BD1F3C1DE5}"
EndProject
Project("{FAE04EC0-301F-11D3-BF4B-00C04F79EFBC}") = "Task10", "Task10\Task10.csproj", "{E2DB1368-F4EB-4A4E-8DF6-2311FCA9CEC7}"
EndProject
Project("{2150E333-8FDC-42A3-9474-1A3956D46DE8}") = "Task11", "Task11", "{B813C239-36AC-4E49-9002-2CDCD7EEE294}"
EndProject
Project("{FAE04EC0-301F-11D3-BF4B-00C04F79EFBC}") = "Task11", "Task11\Task11.csproj", "{027FB7C8-BB7F-430F-A3B7-132CD32C0E04}"
EndProject
Project("{2150E333-8FDC-42A3-9474-1A3956D46DE8}") = "Task12", "Task12", "{E1C698DD-94A3-40F6-A77C-DB27D1C5632F}"
EndProject
Project("{FAE04EC0-301F-11D3-BF4B-00C04F79EFBC}") = "Task12", "Task12\Task12.csproj", "{C747173E-B449-42FD-BA7E-EFEC89AAFFFF}"
EndProject
Project("{2150E333-8FDC-42A3-9474-1A3956D46DE8}") = "Task13", "Task13", "{342E586D-ECD8-41AA-972C-AFA14CB672DB}"
EndProject
Project("{FAE04EC0-301F-11D3-BF4B-00C04F79EFBC}") = "Task13", "Task13\Task13.csproj", "{B217B183-FA87-43A9-825A-A07435D9F98A}"
EndProject
Global
	GlobalSection(SolutionConfigurationPlatforms) = preSolution
		Debug|Any CPU = Debug|Any CPU
		Release|Any CPU = Release|Any CPU
	EndGlobalSection
	GlobalSection(ProjectConfigurationPlatforms) = postSolution
		{6D6A4ADB-9A96-4352-938D-13E10701B4ED}.Debug|Any CPU.ActiveCfg = Debug|Any CPU
		{6D6A4ADB-9A96-4352-938D-13E10701B4ED}.Debug|Any CPU.Build.0 = Debug|Any CPU
		{6D6A4ADB-9A96-4352-938D-13E10701B4ED}.Release|Any CPU.ActiveCfg = Release|Any CPU
		{6D6A4ADB-9A96-4352-938D-13E10701B4ED}.Release|Any CPU.Build.0 = Release|Any CPU
		{CA639821-D6FC-4931-8D81-E80A6D2E615C}.Debug|Any CPU.ActiveCfg = Debug|Any CPU
		{CA639821-D6FC-4931-8D81-E80A6D2E615C}.Debug|Any CPU.Build.0 = Debug|Any CPU
		{CA639821-D6FC-4931-8D81-E80A6D2E615C}.Release|Any CPU.ActiveCfg = Release|Any CPU
		{CA639821-D6FC-4931-8D81-E80A6D2E615C}.Release|Any CPU.Build.0 = Release|Any CPU
		{42088284-4E56-44B8-B25A-4DFACF94D1F6}.Debug|Any CPU.ActiveCfg = Debug|Any CPU
		{42088284-4E56-44B8-B25A-4DFACF94D1F6}.Debug|Any CPU.Build.0 = Debug|Any CPU
		{42088284-4E56-44B8-B25A-4DFACF94D1F6}.Release|Any CPU.ActiveCfg = Release|Any CPU
		{42088284-4E56-44B8-B25A-4DFACF94D1F6}.Release|Any CPU.Build.0 = Release|Any CPU
		{64E4F771-E7B2-4C8D-8FDD-636B98CA49B8}.Debug|Any CPU.ActiveCfg = Debug|Any CPU
		{64E4F771-E7B2-4C8D-8FDD-636B98CA49B8}.Debug|Any CPU.Build.0 = Debug|Any CPU
		{64E4F771-E7B2-4C8D-8FDD-636B98CA49B8}.Release|Any CPU.ActiveCfg = Release|Any CPU
		{64E4F771-E7B2-4C8D-8FDD-636B98CA49B8}.Release|Any CPU.Build.0 = Release|Any CPU
		{CD15AA4C-16FC-401C-B427-D37AAE149E86}.Debug|Any CPU.ActiveCfg = Debug|Any CPU
		{CD15AA4C-16FC-401C-B427-D37AAE149E86}.Debug|Any CPU.Build.0 = Debug|Any CPU
		{CD15AA4C-16FC-401C-B427-D37AAE149E86}.Release|Any CPU.ActiveCfg = Release|Any CPU
		{CD15AA4C-16FC-401C-B427-D37AAE149E86}.Release|Any CPU.Build.0 = Release|Any CPU
		{F84B429E-B9A9-4F7D-A53A-BA879B2FE3C7}.Debug|Any CPU.ActiveCfg = Debug|Any CPU
		{F84B429E-B9A9-4F7D-A53A-BA879B2FE3C7}.Debug|Any CPU.Build.0 = Debug|Any CPU
		{F84B429E-B9A9-4F7D-A53A-BA879B2FE3C7}.Release|Any CPU.ActiveCfg = Release|Any CPU
		{F84B429E-B9A9-4F7D-A53A-BA879B2FE3C7}.Release|Any CPU.Build.0 = Release|Any CPU
		{09D9D0DA-A820-459D-B00D-0733B5C690F1}.Debug|Any CPU.ActiveCfg = Debug|Any CPU
		{09D9D0DA-A820-459D-B00D-0733B5C690F1}.Debug|Any CPU.Build.0 = Debug|Any CPU
		{09D9D0DA-A820-459D-B00D-0733B5C690F1}.Release|Any CPU.ActiveCfg = Release|Any CPU
		{09D9D0DA-A820-459D-B00D-0733B5C690F1}.Release|Any CPU.Build.0 = Release|Any CPU
		{F46E92A3-F26A-4ACA-93AC-BA8FBC0D95F3}.Debug|Any CPU.ActiveCfg = Debug|Any CPU
		{F46E92A3-F26A-4ACA-93AC-BA8FBC0D95F3}.Debug|Any CPU.Build.0 = Debug|Any CPU
		{F46E92A3-F26A-4ACA-93AC-BA8FBC0D95F3}.Release|Any CPU.ActiveCfg = Release|Any CPU
		{F46E92A3-F26A-4ACA-93AC-BA8FBC0D95F3}.Release|Any CPU.Build.0 = Release|Any CPU
		{650BBB64-5E15-40EE-BC84-03F41AB78E05}.Debug|Any CPU.ActiveCfg = Debug|Any CPU
		{650BBB64-5E15-40EE-BC84-03F41AB78E05}.Debug|Any CPU.Build.0 = Debug|Any CPU
		{650BBB64-5E15-40EE-BC84-03F41AB78E05}.Release|Any CPU.ActiveCfg = Release|Any CPU
		{650BBB64-5E15-40EE-BC84-03F41AB78E05}.Release|Any CPU.Build.0 = Release|Any CPU
		{E2DB1368-F4EB-4A4E-8DF6-2311FCA9CEC7}.Debug|Any CPU.ActiveCfg = Debug|Any CPU
		{E2DB1368-F4EB-4A4E-8DF6-2311FCA9CEC7}.Debug|Any CPU.Build.0 = Debug|Any CPU
		{E2DB1368-F4EB-4A4E-8DF6-2311FCA9CEC7}.Release|Any CPU.ActiveCfg = Release|Any CPU
		{E2DB1368-F4EB-4A4E-8DF6-2311FCA9CEC7}.Release|Any CPU.Build.0 = Release|Any CPU
		{027FB7C8-BB7F-430F-A3B7-132CD32C0E04}.Debug|Any CPU.ActiveCfg = Debug|Any CPU
		{027FB7C8-BB7F-430F-A3B7-132CD32C0E04}.Debug|Any CPU.Build.0 = Debug|Any CPU
		{027FB7C8-BB7F-430F-A3B7-132CD32C0E04}.Release|Any CPU.ActiveCfg = Release|Any CPU
		{027FB7C8-BB7F-430F-A3B7-132CD32C0E04}.Release|Any CPU.Build.0 = Release|Any CPU
		{C747173E-B449-42FD-BA7E-EFEC89AAFFFF}.Debug|Any CPU.ActiveCfg = Debug|Any CPU
		{C747173E-B449-42FD-BA7E-EFEC89AAFFFF}.Debug|Any CPU.Build.0 = Debug|Any CPU
		{C747173E-B449-42FD-BA7E-EFEC89AAFFFF}.Release|Any CPU.ActiveCfg = Release|Any CPU
		{C747173E-B449-42FD-BA7E-EFEC89AAFFFF}.Release|Any CPU.Build.0 = Release|Any CPU
		{B217B183-FA87-43A9-825A-A07435D9F98A}.Debug|Any CPU.ActiveCfg = Debug|Any CPU
		{B217B183-FA87-43A9-825A-A07435D9F98A}.Debug|Any CPU.Build.0 = Debug|Any CPU
		{B217B183-FA87-43A9-825A-A07435D9F98A}.Release|Any CPU.ActiveCfg = Release|Any CPU
		{B217B183-FA87-43A9-825A-A07435D9F98A}.Release|Any CPU.Build.0 = Release|Any CPU
	EndGlobalSection
	GlobalSection(SolutionProperties) = preSolution
		HideSolutionNode = FALSE
	EndGlobalSection
	GlobalSection(NestedProjects) = preSolution
		{6D6A4ADB-9A96-4352-938D-13E10701B4ED} = {C583F470-7603-4D05-A5BF-E6C95D8684F0}
		{CA639821-D6FC-4931-8D81-E80A6D2E615C} = {01C466F1-F589-4F18-950D-A3E899D27B3E}
		{42088284-4E56-44B8-B25A-4DFACF94D1F6} = {6D08E93C-AADF-4604-810E-83E1A791C68C}
		{64E4F771-E7B2-4C8D-8FDD-636B98CA49B8} = {024F3BA7-C7D2-4A6E-8E78-D8099D13FF15}
		{CD15AA4C-16FC-401C-B427-D37AAE149E86} = {C0AB24C0-43FB-4702-9B43-AC96AF6923DC}
		{F84B429E-B9A9-4F7D-A53A-BA879B2FE3C7} = {94C03620-AB7D-454B-9226-CFA8937DEF2C}
		{09D9D0DA-A820-459D-B00D-0733B5C690F1} = {B2766F8D-5CA4-4217-BB00-D21D601278AB}
		{F46E92A3-F26A-4ACA-93AC-BA8FBC0D95F3} = {C66A34D7-0DF8-4E68-8674-C11537F3EA6B}
		{650BBB64-5E15-40EE-BC84-03F41AB78E05} = {4E420B18-1B5F-4529-8BB9-9A470ABAEB22}
		{E2DB1368-F4EB-4A4E-8DF6-2311FCA9CEC7} = {DB8F0AED-0354-46CA-8E3D-03BD1F3C1DE5}
		{027FB7C8-BB7F-430F-A3B7-132CD32C0E04} = {B813C239-36AC-4E49-9002-2CDCD7EEE294}
		{C747173E-B449-42FD-BA7E-EFEC89AAFFFF} = {E1C698DD-94A3-40F6-A77C-DB27D1C5632F}
		{B217B183-FA87-43A9-825A-A07435D9F98A} = {342E586D-ECD8-41AA-972C-AFA14CB672DB}
	EndGlobalSection
	GlobalSection(ExtensibilityGlobals) = postSolution
		SolutionGuid = {FE25591B-B85B-4C7A-936B-F8152C59D223}
	EndGlobalSection
EndGlobal
